
Microsoft Visual Studio Solution File, Format Version 12.00
# Visual Studio Version 16
VisualStudioVersion = 16.0.32929.386
MinimumVisualStudioVersion = 10.0.40219.1
Project("{8BC9CEB8-8B4A-11D0-8D11-00A0C91BC942}") = "ComparingNumberSizes", "ComparingNumberSizes.vcxproj", "{F9196E73-71C6-4449-AEE0-F26AC6945466}"
EndProject
Global
	GlobalSection(SolutionConfigurationPlatforms) = preSolution
		Debug|x64 = Debug|x64
		Debug|x86 = Debug|x86
		Release|x64 = Release|x64
		Release|x86 = Release|x86
	EndGlobalSection
	GlobalSection(ProjectConfigurationPlatforms) = postSolution
		{F9196E73-71C6-4449-AEE0-F26AC6945466}.Debug|x64.ActiveCfg = Debug|x64
		{F9196E73-71C6-4449-AEE0-F26AC6945466}.Debug|x64.Build.0 = Debug|x64
		{F9196E73-71C6-4449-AEE0-F26AC6945466}.Debug|x86.ActiveCfg = Debug|Win32
		{F9196E73-71C6-4449-AEE0-F26AC6945466}.Debug|x86.Build.0 = Debug|Win32
		{F9196E73-71C6-4449-AEE0-F26AC6945466}.Release|x64.ActiveCfg = Release|x64
		{F9196E73-71C6-4449-AEE0-F26AC6945466}.Release|x64.Build.0 = Release|x64
		{F9196E73-71C6-4449-AEE0-F26AC6945466}.Release|x86.ActiveCfg = Release|Win32
		{F9196E73-71C6-4449-AEE0-F26AC6945466}.Release|x86.Build.0 = Release|Win32
	EndGlobalSection
	GlobalSection(SolutionProperties) = preSolution
		HideSolutionNode = FALSE
	EndGlobalSection
	GlobalSection(ExtensibilityGlobals) = postSolution
		SolutionGuid = {1EB84748-3D07-4B6B-8802-7B849D761E42}
	EndGlobalSection
EndGlobal
